// !$*UTF8*$!
{
	archiveVersion = 1;
	classes = {
	};
	objectVersion = 55;
	objects = {

/* Begin PBXBuildFile section */
		7F6B67B527CE981B00468CFE /* ScrumdingerApp.swift in Sources */ = {isa = PBXBuildFile; fileRef = 7F6B67B427CE981B00468CFE /* ScrumdingerApp.swift */; };
		7F6B67B727CE981B00468CFE /* MeetingView.swift in Sources */ = {isa = PBXBuildFile; fileRef = 7F6B67B627CE981B00468CFE /* MeetingView.swift */; };
		7F6B67B927CE981D00468CFE /* Assets.xcassets in Resources */ = {isa = PBXBuildFile; fileRef = 7F6B67B827CE981D00468CFE /* Assets.xcassets */; };
		7F6B67BC27CE981D00468CFE /* Preview Assets.xcassets in Resources */ = {isa = PBXBuildFile; fileRef = 7F6B67BB27CE981D00468CFE /* Preview Assets.xcassets */; };
		7F6B67C627CE981D00468CFE /* ScrumdingerTests.swift in Sources */ = {isa = PBXBuildFile; fileRef = 7F6B67C527CE981D00468CFE /* ScrumdingerTests.swift */; };
		7F6B67D027CE981D00468CFE /* ScrumdingerUITests.swift in Sources */ = {isa = PBXBuildFile; fileRef = 7F6B67CF27CE981D00468CFE /* ScrumdingerUITests.swift */; };
		7F6B67D227CE981D00468CFE /* ScrumdingerUITestsLaunchTests.swift in Sources */ = {isa = PBXBuildFile; fileRef = 7F6B67D127CE981D00468CFE /* ScrumdingerUITestsLaunchTests.swift */; };
		7F92CA8827D2A5FC001C8DB2 /* Theme.swift in Sources */ = {isa = PBXBuildFile; fileRef = 7F92CA8727D2A5FC001C8DB2 /* Theme.swift */; };
		7F92CA8A27D2FDF5001C8DB2 /* DailyScrum.swift in Sources */ = {isa = PBXBuildFile; fileRef = 7F92CA8927D2FDF5001C8DB2 /* DailyScrum.swift */; };
		7F92CA8C27D2FE6D001C8DB2 /* CardView.swift in Sources */ = {isa = PBXBuildFile; fileRef = 7F92CA8B27D2FE6D001C8DB2 /* CardView.swift */; };
		7F92CA8E27D314BA001C8DB2 /* TrailingIconLabelStyle.swift in Sources */ = {isa = PBXBuildFile; fileRef = 7F92CA8D27D314BA001C8DB2 /* TrailingIconLabelStyle.swift */; };
		7F92CA9027D40493001C8DB2 /* ScrumsView.swift in Sources */ = {isa = PBXBuildFile; fileRef = 7F92CA8F27D40493001C8DB2 /* ScrumsView.swift */; };
		7F9BCD9727D44E740098D357 /* Assets.xcassets in Resources */ = {isa = PBXBuildFile; fileRef = 7F9BCD9627D44E730098D357 /* Assets.xcassets */; };
		7F9BCD9927D6C8690098D357 /* DetailView.swift in Sources */ = {isa = PBXBuildFile; fileRef = 7F9BCD9827D6C8690098D357 /* DetailView.swift */; };
		7F9CA42127E0401D00C3F242 /* DetailEditView.swift in Sources */ = {isa = PBXBuildFile; fileRef = 7F9CA42027E0401D00C3F242 /* DetailEditView.swift */; };
		7F9CA42327E17DBE00C3F242 /* ThemeView.swift in Sources */ = {isa = PBXBuildFile; fileRef = 7F9CA42227E17DBE00C3F242 /* ThemeView.swift */; };
		7F9CA42527E1822C00C3F242 /* ThemePicker.swift in Sources */ = {isa = PBXBuildFile; fileRef = 7F9CA42427E1822C00C3F242 /* ThemePicker.swift */; };
/* End PBXBuildFile section */

/* Begin PBXContainerItemProxy section */
		7F6B67C227CE981D00468CFE /* PBXContainerItemProxy */ = {
			isa = PBXContainerItemProxy;
			containerPortal = 7F6B67A927CE981A00468CFE /* Project object */;
			proxyType = 1;
			remoteGlobalIDString = 7F6B67B027CE981A00468CFE;
			remoteInfo = Scrumdinger;
		};
		7F6B67CC27CE981D00468CFE /* PBXContainerItemProxy */ = {
			isa = PBXContainerItemProxy;
			containerPortal = 7F6B67A927CE981A00468CFE /* Project object */;
			proxyType = 1;
			remoteGlobalIDString = 7F6B67B027CE981A00468CFE;
			remoteInfo = Scrumdinger;
		};
/* End PBXContainerItemProxy section */

/* Begin PBXFileReference section */
		7F6B67B127CE981A00468CFE /* Scrumdinger.app */ = {isa = PBXFileReference; explicitFileType = wrapper.application; includeInIndex = 0; path = Scrumdinger.app; sourceTree = BUILT_PRODUCTS_DIR; };
		7F6B67B427CE981B00468CFE /* ScrumdingerApp.swift */ = {isa = PBXFileReference; lastKnownFileType = sourcecode.swift; path = ScrumdingerApp.swift; sourceTree = "<group>"; };
		7F6B67B627CE981B00468CFE /* MeetingView.swift */ = {isa = PBXFileReference; lastKnownFileType = sourcecode.swift; path = MeetingView.swift; sourceTree = "<group>"; };
		7F6B67B827CE981D00468CFE /* Assets.xcassets */ = {isa = PBXFileReference; lastKnownFileType = folder.assetcatalog; path = Assets.xcassets; sourceTree = "<group>"; };
		7F6B67BB27CE981D00468CFE /* Preview Assets.xcassets */ = {isa = PBXFileReference; lastKnownFileType = folder.assetcatalog; path = "Preview Assets.xcassets"; sourceTree = "<group>"; };
		7F6B67C127CE981D00468CFE /* ScrumdingerTests.xctest */ = {isa = PBXFileReference; explicitFileType = wrapper.cfbundle; includeInIndex = 0; path = ScrumdingerTests.xctest; sourceTree = BUILT_PRODUCTS_DIR; };
		7F6B67C527CE981D00468CFE /* ScrumdingerTests.swift */ = {isa = PBXFileReference; lastKnownFileType = sourcecode.swift; path = ScrumdingerTests.swift; sourceTree = "<group>"; };
		7F6B67CB27CE981D00468CFE /* ScrumdingerUITests.xctest */ = {isa = PBXFileReference; explicitFileType = wrapper.cfbundle; includeInIndex = 0; path = ScrumdingerUITests.xctest; sourceTree = BUILT_PRODUCTS_DIR; };
		7F6B67CF27CE981D00468CFE /* ScrumdingerUITests.swift */ = {isa = PBXFileReference; lastKnownFileType = sourcecode.swift; path = ScrumdingerUITests.swift; sourceTree = "<group>"; };
		7F6B67D127CE981D00468CFE /* ScrumdingerUITestsLaunchTests.swift */ = {isa = PBXFileReference; lastKnownFileType = sourcecode.swift; path = ScrumdingerUITestsLaunchTests.swift; sourceTree = "<group>"; };
		7F92CA8727D2A5FC001C8DB2 /* Theme.swift */ = {isa = PBXFileReference; lastKnownFileType = sourcecode.swift; path = Theme.swift; sourceTree = "<group>"; };
		7F92CA8927D2FDF5001C8DB2 /* DailyScrum.swift */ = {isa = PBXFileReference; lastKnownFileType = sourcecode.swift; path = DailyScrum.swift; sourceTree = "<group>"; };
		7F92CA8B27D2FE6D001C8DB2 /* CardView.swift */ = {isa = PBXFileReference; lastKnownFileType = sourcecode.swift; path = CardView.swift; sourceTree = "<group>"; };
		7F92CA8D27D314BA001C8DB2 /* TrailingIconLabelStyle.swift */ = {isa = PBXFileReference; lastKnownFileType = sourcecode.swift; path = TrailingIconLabelStyle.swift; sourceTree = "<group>"; };
		7F92CA8F27D40493001C8DB2 /* ScrumsView.swift */ = {isa = PBXFileReference; lastKnownFileType = sourcecode.swift; path = ScrumsView.swift; sourceTree = "<group>"; };
		7F9BCD9627D44E730098D357 /* Assets.xcassets */ = {isa = PBXFileReference; lastKnownFileType = folder.assetcatalog; name = Assets.xcassets; path = ../../../../Downloads/DisplayingDataInAList/Complete/Scrumdinger/Assets.xcassets; sourceTree = "<group>"; };
		7F9BCD9827D6C8690098D357 /* DetailView.swift */ = {isa = PBXFileReference; lastKnownFileType = sourcecode.swift; path = DetailView.swift; sourceTree = "<group>"; };
		7F9CA42027E0401D00C3F242 /* DetailEditView.swift */ = {isa = PBXFileReference; lastKnownFileType = sourcecode.swift; path = DetailEditView.swift; sourceTree = "<group>"; };
		7F9CA42227E17DBE00C3F242 /* ThemeView.swift */ = {isa = PBXFileReference; lastKnownFileType = sourcecode.swift; path = ThemeView.swift; sourceTree = "<group>"; };
		7F9CA42427E1822C00C3F242 /* ThemePicker.swift */ = {isa = PBXFileReference; lastKnownFileType = sourcecode.swift; path = ThemePicker.swift; sourceTree = "<group>"; };
/* End PBXFileReference section */

/* Begin PBXFrameworksBuildPhase section */
		7F6B67AE27CE981A00468CFE /* Frameworks */ = {
			isa = PBXFrameworksBuildPhase;
			buildActionMask = 2147483647;
			files = (
			);
			runOnlyForDeploymentPostprocessing = 0;
		};
		7F6B67BE27CE981D00468CFE /* Frameworks */ = {
			isa = PBXFrameworksBuildPhase;
			buildActionMask = 2147483647;
			files = (
			);
			runOnlyForDeploymentPostprocessing = 0;
		};
		7F6B67C827CE981D00468CFE /* Frameworks */ = {
			isa = PBXFrameworksBuildPhase;
			buildActionMask = 2147483647;
			files = (
			);
			runOnlyForDeploymentPostprocessing = 0;
		};
/* End PBXFrameworksBuildPhase section */

/* Begin PBXGroup section */
		7F6B67A827CE981A00468CFE = {
			isa = PBXGroup;
			children = (
				7F9CA42427E1822C00C3F242 /* ThemePicker.swift */,
				7F9CA42027E0401D00C3F242 /* DetailEditView.swift */,
				7F9BCD9627D44E730098D357 /* Assets.xcassets */,
				7F6B67B327CE981A00468CFE /* Scrumdinger */,
				7F6B67C427CE981D00468CFE /* ScrumdingerTests */,
				7F6B67CE27CE981D00468CFE /* ScrumdingerUITests */,
				7F6B67B227CE981A00468CFE /* Products */,
			);
			sourceTree = "<group>";
		};
		7F6B67B227CE981A00468CFE /* Products */ = {
			isa = PBXGroup;
			children = (
				7F6B67B127CE981A00468CFE /* Scrumdinger.app */,
				7F6B67C127CE981D00468CFE /* ScrumdingerTests.xctest */,
				7F6B67CB27CE981D00468CFE /* ScrumdingerUITests.xctest */,
			);
			name = Products;
			sourceTree = "<group>";
		};
		7F6B67B327CE981A00468CFE /* Scrumdinger */ = {
			isa = PBXGroup;
			children = (
				7F9BCD9827D6C8690098D357 /* DetailView.swift */,
				7F92CA8627D2A5CB001C8DB2 /* Models */,
				7F6B67B427CE981B00468CFE /* ScrumdingerApp.swift */,
				7F6B67B627CE981B00468CFE /* MeetingView.swift */,
				7F6B67B827CE981D00468CFE /* Assets.xcassets */,
				7F6B67BA27CE981D00468CFE /* Preview Content */,
				7F92CA8B27D2FE6D001C8DB2 /* CardView.swift */,
				7F92CA8D27D314BA001C8DB2 /* TrailingIconLabelStyle.swift */,
				7F92CA8F27D40493001C8DB2 /* ScrumsView.swift */,
				7F9CA42227E17DBE00C3F242 /* ThemeView.swift */,
			);
			path = Scrumdinger;
			sourceTree = "<group>";
		};
		7F6B67BA27CE981D00468CFE /* Preview Content */ = {
			isa = PBXGroup;
			children = (
				7F6B67BB27CE981D00468CFE /* Preview Assets.xcassets */,
			);
			path = "Preview Content";
			sourceTree = "<group>";
		};
		7F6B67C427CE981D00468CFE /* ScrumdingerTests */ = {
			isa = PBXGroup;
			children = (
				7F6B67C527CE981D00468CFE /* ScrumdingerTests.swift */,
			);
			path = ScrumdingerTests;
			sourceTree = "<group>";
		};
		7F6B67CE27CE981D00468CFE /* ScrumdingerUITests */ = {
			isa = PBXGroup;
			children = (
				7F6B67CF27CE981D00468CFE /* ScrumdingerUITests.swift */,
				7F6B67D127CE981D00468CFE /* ScrumdingerUITestsLaunchTests.swift */,
			);
			path = ScrumdingerUITests;
			sourceTree = "<group>";
		};
		7F92CA8627D2A5CB001C8DB2 /* Models */ = {
			isa = PBXGroup;
			children = (
				7F92CA8727D2A5FC001C8DB2 /* Theme.swift */,
				7F92CA8927D2FDF5001C8DB2 /* DailyScrum.swift */,
			);
			path = Models;
			sourceTree = "<group>";
		};
/* End PBXGroup section */

/* Begin PBXNativeTarget section */
		7F6B67B027CE981A00468CFE /* Scrumdinger */ = {
			isa = PBXNativeTarget;
			buildConfigurationList = 7F6B67D527CE981D00468CFE /* Build configuration list for PBXNativeTarget "Scrumdinger" */;
			buildPhases = (
				7F6B67AD27CE981A00468CFE /* Sources */,
				7F6B67AE27CE981A00468CFE /* Frameworks */,
				7F6B67AF27CE981A00468CFE /* Resources */,
			);
			buildRules = (
			);
			dependencies = (
			);
			name = Scrumdinger;
			productName = Scrumdinger;
			productReference = 7F6B67B127CE981A00468CFE /* Scrumdinger.app */;
			productType = "com.apple.product-type.application";
		};
		7F6B67C027CE981D00468CFE /* ScrumdingerTests */ = {
			isa = PBXNativeTarget;
			buildConfigurationList = 7F6B67D827CE981D00468CFE /* Build configuration list for PBXNativeTarget "ScrumdingerTests" */;
			buildPhases = (
				7F6B67BD27CE981D00468CFE /* Sources */,
				7F6B67BE27CE981D00468CFE /* Frameworks */,
				7F6B67BF27CE981D00468CFE /* Resources */,
			);
			buildRules = (
			);
			dependencies = (
				7F6B67C327CE981D00468CFE /* PBXTargetDependency */,
			);
			name = ScrumdingerTests;
			productName = ScrumdingerTests;
			productReference = 7F6B67C127CE981D00468CFE /* ScrumdingerTests.xctest */;
			productType = "com.apple.product-type.bundle.unit-test";
		};
		7F6B67CA27CE981D00468CFE /* ScrumdingerUITests */ = {
			isa = PBXNativeTarget;
			buildConfigurationList = 7F6B67DB27CE981D00468CFE /* Build configuration list for PBXNativeTarget "ScrumdingerUITests" */;
			buildPhases = (
				7F6B67C727CE981D00468CFE /* Sources */,
				7F6B67C827CE981D00468CFE /* Frameworks */,
				7F6B67C927CE981D00468CFE /* Resources */,
			);
			buildRules = (
			);
			dependencies = (
				7F6B67CD27CE981D00468CFE /* PBXTargetDependency */,
			);
			name = ScrumdingerUITests;
			productName = ScrumdingerUITests;
			productReference = 7F6B67CB27CE981D00468CFE /* ScrumdingerUITests.xctest */;
			productType = "com.apple.product-type.bundle.ui-testing";
		};
/* End PBXNativeTarget section */

/* Begin PBXProject section */
		7F6B67A927CE981A00468CFE /* Project object */ = {
			isa = PBXProject;
			attributes = {
				BuildIndependentTargetsInParallel = 1;
				LastSwiftUpdateCheck = 1320;
				LastUpgradeCheck = 1320;
				TargetAttributes = {
					7F6B67B027CE981A00468CFE = {
						CreatedOnToolsVersion = 13.2.1;
					};
					7F6B67C027CE981D00468CFE = {
						CreatedOnToolsVersion = 13.2.1;
						TestTargetID = 7F6B67B027CE981A00468CFE;
					};
					7F6B67CA27CE981D00468CFE = {
						CreatedOnToolsVersion = 13.2.1;
						TestTargetID = 7F6B67B027CE981A00468CFE;
					};
				};
			};
			buildConfigurationList = 7F6B67AC27CE981A00468CFE /* Build configuration list for PBXProject "Scrumdinger" */;
			compatibilityVersion = "Xcode 13.0";
			developmentRegion = en;
			hasScannedForEncodings = 0;
			knownRegions = (
				en,
				Base,
			);
			mainGroup = 7F6B67A827CE981A00468CFE;
			productRefGroup = 7F6B67B227CE981A00468CFE /* Products */;
			projectDirPath = "";
			projectRoot = "";
			targets = (
				7F6B67B027CE981A00468CFE /* Scrumdinger */,
				7F6B67C027CE981D00468CFE /* ScrumdingerTests */,
				7F6B67CA27CE981D00468CFE /* ScrumdingerUITests */,
			);
		};
/* End PBXProject section */

/* Begin PBXResourcesBuildPhase section */
		7F6B67AF27CE981A00468CFE /* Resources */ = {
			isa = PBXResourcesBuildPhase;
			buildActionMask = 2147483647;
			files = (
				7F6B67BC27CE981D00468CFE /* Preview Assets.xcassets in Resources */,
				7F9BCD9727D44E740098D357 /* Assets.xcassets in Resources */,
				7F6B67B927CE981D00468CFE /* Assets.xcassets in Resources */,
			);
			runOnlyForDeploymentPostprocessing = 0;
		};
		7F6B67BF27CE981D00468CFE /* Resources */ = {
			isa = PBXResourcesBuildPhase;
			buildActionMask = 2147483647;
			files = (
			);
			runOnlyForDeploymentPostprocessing = 0;
		};
		7F6B67C927CE981D00468CFE /* Resources */ = {
			isa = PBXResourcesBuildPhase;
			buildActionMask = 2147483647;
			files = (
			);
			runOnlyForDeploymentPostprocessing = 0;
		};
/* End PBXResourcesBuildPhase section */

/* Begin PBXSourcesBuildPhase section */
		7F6B67AD27CE981A00468CFE /* Sources */ = {
			isa = PBXSourcesBuildPhase;
			buildActionMask = 2147483647;
			files = (
				7F9CA42527E1822C00C3F242 /* ThemePicker.swift in Sources */,
				7F92CA8A27D2FDF5001C8DB2 /* DailyScrum.swift in Sources */,
				7F9BCD9927D6C8690098D357 /* DetailView.swift in Sources */,
				7F9CA42127E0401D00C3F242 /* DetailEditView.swift in Sources */,
				7F92CA8E27D314BA001C8DB2 /* TrailingIconLabelStyle.swift in Sources */,
				7F92CA8827D2A5FC001C8DB2 /* Theme.swift in Sources */,
				7F92CA9027D40493001C8DB2 /* ScrumsView.swift in Sources */,
				7F6B67B727CE981B00468CFE /* MeetingView.swift in Sources */,
				7F6B67B527CE981B00468CFE /* ScrumdingerApp.swift in Sources */,
				7F9CA42327E17DBE00C3F242 /* ThemeView.swift in Sources */,
				7F92CA8C27D2FE6D001C8DB2 /* CardView.swift in Sources */,
			);
			runOnlyForDeploymentPostprocessing = 0;
		};
		7F6B67BD27CE981D00468CFE /* Sources */ = {
			isa = PBXSourcesBuildPhase;
			buildActionMask = 2147483647;
			files = (
				7F6B67C627CE981D00468CFE /* ScrumdingerTests.swift in Sources */,
			);
			runOnlyForDeploymentPostprocessing = 0;
		};
		7F6B67C727CE981D00468CFE /* Sources */ = {
			isa = PBXSourcesBuildPhase;
			buildActionMask = 2147483647;
			files = (
				7F6B67D227CE981D00468CFE /* ScrumdingerUITestsLaunchTests.swift in Sources */,
				7F6B67D027CE981D00468CFE /* ScrumdingerUITests.swift in Sources */,
			);
			runOnlyForDeploymentPostprocessing = 0;
		};
/* End PBXSourcesBuildPhase section */

/* Begin PBXTargetDependency section */
		7F6B67C327CE981D00468CFE /* PBXTargetDependency */ = {
			isa = PBXTargetDependency;
			target = 7F6B67B027CE981A00468CFE /* Scrumdinger */;
			targetProxy = 7F6B67C227CE981D00468CFE /* PBXContainerItemProxy */;
		};
		7F6B67CD27CE981D00468CFE /* PBXTargetDependency */ = {
			isa = PBXTargetDependency;
			target = 7F6B67B027CE981A00468CFE /* Scrumdinger */;
			targetProxy = 7F6B67CC27CE981D00468CFE /* PBXContainerItemProxy */;
		};
/* End PBXTargetDependency section */

/* Begin XCBuildConfiguration section */
		7F6B67D327CE981D00468CFE /* Debug */ = {
			isa = XCBuildConfiguration;
			buildSettings = {
				ALWAYS_SEARCH_USER_PATHS = NO;
				CLANG_ANALYZER_NONNULL = YES;
				CLANG_ANALYZER_NUMBER_OBJECT_CONVERSION = YES_AGGRESSIVE;
				CLANG_CXX_LANGUAGE_STANDARD = "gnu++17";
				CLANG_CXX_LIBRARY = "libc++";
				CLANG_ENABLE_MODULES = YES;
				CLANG_ENABLE_OBJC_ARC = YES;
				CLANG_ENABLE_OBJC_WEAK = YES;
				CLANG_WARN_BLOCK_CAPTURE_AUTORELEASING = YES;
				CLANG_WARN_BOOL_CONVERSION = YES;
				CLANG_WARN_COMMA = YES;
				CLANG_WARN_CONSTANT_CONVERSION = YES;
				CLANG_WARN_DEPRECATED_OBJC_IMPLEMENTATIONS = YES;
				CLANG_WARN_DIRECT_OBJC_ISA_USAGE = YES_ERROR;
				CLANG_WARN_DOCUMENTATION_COMMENTS = YES;
				CLANG_WARN_EMPTY_BODY = YES;
				CLANG_WARN_ENUM_CONVERSION = YES;
				CLANG_WARN_INFINITE_RECURSION = YES;
				CLANG_WARN_INT_CONVERSION = YES;
				CLANG_WARN_NON_LITERAL_NULL_CONVERSION = YES;
				CLANG_WARN_OBJC_IMPLICIT_RETAIN_SELF = YES;
				CLANG_WARN_OBJC_LITERAL_CONVERSION = YES;
				CLANG_WARN_OBJC_ROOT_CLASS = YES_ERROR;
				CLANG_WARN_QUOTED_INCLUDE_IN_FRAMEWORK_HEADER = YES;
				CLANG_WARN_RANGE_LOOP_ANALYSIS = YES;
				CLANG_WARN_STRICT_PROTOTYPES = YES;
				CLANG_WARN_SUSPICIOUS_MOVE = YES;
				CLANG_WARN_UNGUARDED_AVAILABILITY = YES_AGGRESSIVE;
				CLANG_WARN_UNREACHABLE_CODE = YES;
				CLANG_WARN__DUPLICATE_METHOD_MATCH = YES;
				COPY_PHASE_STRIP = NO;
				DEBUG_INFORMATION_FORMAT = dwarf;
				ENABLE_STRICT_OBJC_MSGSEND = YES;
				ENABLE_TESTABILITY = YES;
				GCC_C_LANGUAGE_STANDARD = gnu11;
				GCC_DYNAMIC_NO_PIC = NO;
				GCC_NO_COMMON_BLOCKS = YES;
				GCC_OPTIMIZATION_LEVEL = 0;
				GCC_PREPROCESSOR_DEFINITIONS = (
					"DEBUG=1",
					"$(inherited)",
				);
				GCC_WARN_64_TO_32_BIT_CONVERSION = YES;
				GCC_WARN_ABOUT_RETURN_TYPE = YES_ERROR;
				GCC_WARN_UNDECLARED_SELECTOR = YES;
				GCC_WARN_UNINITIALIZED_AUTOS = YES_AGGRESSIVE;
				GCC_WARN_UNUSED_FUNCTION = YES;
				GCC_WARN_UNUSED_VARIABLE = YES;
				IPHONEOS_DEPLOYMENT_TARGET = 15.2;
				MTL_ENABLE_DEBUG_INFO = INCLUDE_SOURCE;
				MTL_FAST_MATH = YES;
				ONLY_ACTIVE_ARCH = YES;
				SDKROOT = iphoneos;
				SWIFT_ACTIVE_COMPILATION_CONDITIONS = DEBUG;
				SWIFT_OPTIMIZATION_LEVEL = "-Onone";
			};
			name = Debug;
		};
		7F6B67D427CE981D00468CFE /* Release */ = {
			isa = XCBuildConfiguration;
			buildSettings = {
				ALWAYS_SEARCH_USER_PATHS = NO;
				CLANG_ANALYZER_NONNULL = YES;
				CLANG_ANALYZER_NUMBER_OBJECT_CONVERSION = YES_AGGRESSIVE;
				CLANG_CXX_LANGUAGE_STANDARD = "gnu++17";
				CLANG_CXX_LIBRARY = "libc++";
				CLANG_ENABLE_MODULES = YES;
				CLANG_ENABLE_OBJC_ARC = YES;
				CLANG_ENABLE_OBJC_WEAK = YES;
				CLANG_WARN_BLOCK_CAPTURE_AUTORELEASING = YES;
				CLANG_WARN_BOOL_CONVERSION = YES;
				CLANG_WARN_COMMA = YES;
				CLANG_WARN_CONSTANT_CONVERSION = YES;
				CLANG_WARN_DEPRECATED_OBJC_IMPLEMENTATIONS = YES;
				CLANG_WARN_DIRECT_OBJC_ISA_USAGE = YES_ERROR;
				CLANG_WARN_DOCUMENTATION_COMMENTS = YES;
				CLANG_WARN_EMPTY_BODY = YES;
				CLANG_WARN_ENUM_CONVERSION = YES;
				CLANG_WARN_INFINITE_RECURSION = YES;
				CLANG_WARN_INT_CONVERSION = YES;
				CLANG_WARN_NON_LITERAL_NULL_CONVERSION = YES;
				CLANG_WARN_OBJC_IMPLICIT_RETAIN_SELF = YES;
				CLANG_WARN_OBJC_LITERAL_CONVERSION = YES;
				CLANG_WARN_OBJC_ROOT_CLASS = YES_ERROR;
				CLANG_WARN_QUOTED_INCLUDE_IN_FRAMEWORK_HEADER = YES;
				CLANG_WARN_RANGE_LOOP_ANALYSIS = YES;
				CLANG_WARN_STRICT_PROTOTYPES = YES;
				CLANG_WARN_SUSPICIOUS_MOVE = YES;
				CLANG_WARN_UNGUARDED_AVAILABILITY = YES_AGGRESSIVE;
				CLANG_WARN_UNREACHABLE_CODE = YES;
				CLANG_WARN__DUPLICATE_METHOD_MATCH = YES;
				COPY_PHASE_STRIP = NO;
				DEBUG_INFORMATION_FORMAT = "dwarf-with-dsym";
				ENABLE_NS_ASSERTIONS = NO;
				ENABLE_STRICT_OBJC_MSGSEND = YES;
				GCC_C_LANGUAGE_STANDARD = gnu11;
				GCC_NO_COMMON_BLOCKS = YES;
				GCC_WARN_64_TO_32_BIT_CONVERSION = YES;
				GCC_WARN_ABOUT_RETURN_TYPE = YES_ERROR;
				GCC_WARN_UNDECLARED_SELECTOR = YES;
				GCC_WARN_UNINITIALIZED_AUTOS = YES_AGGRESSIVE;
				GCC_WARN_UNUSED_FUNCTION = YES;
				GCC_WARN_UNUSED_VARIABLE = YES;
				IPHONEOS_DEPLOYMENT_TARGET = 15.2;
				MTL_ENABLE_DEBUG_INFO = NO;
				MTL_FAST_MATH = YES;
				SDKROOT = iphoneos;
				SWIFT_COMPILATION_MODE = wholemodule;
				SWIFT_OPTIMIZATION_LEVEL = "-O";
				VALIDATE_PRODUCT = YES;
			};
			name = Release;
		};
		7F6B67D627CE981D00468CFE /* Debug */ = {
			isa = XCBuildConfiguration;
			buildSettings = {
				ASSETCATALOG_COMPILER_APPICON_NAME = AppIcon;
				ASSETCATALOG_COMPILER_GLOBAL_ACCENT_COLOR_NAME = AccentColor;
				CODE_SIGN_STYLE = Automatic;
				CURRENT_PROJECT_VERSION = 1;
				DEVELOPMENT_ASSET_PATHS = "\"Scrumdinger/Preview Content\"";
				ENABLE_PREVIEWS = YES;
				GENERATE_INFOPLIST_FILE = YES;
				INFOPLIST_KEY_UIApplicationSceneManifest_Generation = YES;
				INFOPLIST_KEY_UIApplicationSupportsIndirectInputEvents = YES;
				INFOPLIST_KEY_UILaunchScreen_Generation = YES;
				INFOPLIST_KEY_UISupportedInterfaceOrientations_iPad = "UIInterfaceOrientationPortrait UIInterfaceOrientationPortraitUpsideDown UIInterfaceOrientationLandscapeLeft UIInterfaceOrientationLandscapeRight";
				INFOPLIST_KEY_UISupportedInterfaceOrientations_iPhone = "UIInterfaceOrientationPortrait UIInterfaceOrientationLandscapeLeft UIInterfaceOrientationLandscapeRight";
				LD_RUNPATH_SEARCH_PATHS = (
					"$(inherited)",
					"@executable_path/Frameworks",
				);
				MARKETING_VERSION = 1.0;
				PRODUCT_BUNDLE_IDENTIFIER = "com.example.appe-sampleapp.Scrumdinger";
				PRODUCT_NAME = "$(TARGET_NAME)";
				SWIFT_EMIT_LOC_STRINGS = YES;
				SWIFT_VERSION = 5.0;
				TARGETED_DEVICE_FAMILY = "1,2";
			};
			name = Debug;
		};
		7F6B67D727CE981D00468CFE /* Release */ = {
			isa = XCBuildConfiguration;
			buildSettings = {
				ASSETCATALOG_COMPILER_APPICON_NAME = AppIcon;
				ASSETCATALOG_COMPILER_GLOBAL_ACCENT_COLOR_NAME = AccentColor;
				CODE_SIGN_STYLE = Automatic;
				CURRENT_PROJECT_VERSION = 1;
				DEVELOPMENT_ASSET_PATHS = "\"Scrumdinger/Preview Content\"";
				ENABLE_PREVIEWS = YES;
				GENERATE_INFOPLIST_FILE = YES;
				INFOPLIST_KEY_UIApplicationSceneManifest_Generation = YES;
				INFOPLIST_KEY_UIApplicationSupportsIndirectInputEvents = YES;
				INFOPLIST_KEY_UILaunchScreen_Generation = YES;
				INFOPLIST_KEY_UISupportedInterfaceOrientations_iPad = "UIInterfaceOrientationPortrait UIInterfaceOrientationPortraitUpsideDown UIInterfaceOrientationLandscapeLeft UIInterfaceOrientationLandscapeRight";
				INFOPLIST_KEY_UISupportedInterfaceOrientations_iPhone = "UIInterfaceOrientationPortrait UIInterfaceOrientationLandscapeLeft UIInterfaceOrientationLandscapeRight";
				LD_RUNPATH_SEARCH_PATHS = (
					"$(inherited)",
					"@executable_path/Frameworks",
				);
				MARKETING_VERSION = 1.0;
				PRODUCT_BUNDLE_IDENTIFIER = "com.example.appe-sampleapp.Scrumdinger";
				PRODUCT_NAME = "$(TARGET_NAME)";
				SWIFT_EMIT_LOC_STRINGS = YES;
				SWIFT_VERSION = 5.0;
				TARGETED_DEVICE_FAMILY = "1,2";
			};
			name = Release;
		};
		7F6B67D927CE981D00468CFE /* Debug */ = {
			isa = XCBuildConfiguration;
			buildSettings = {
				ALWAYS_EMBED_SWIFT_STANDARD_LIBRARIES = YES;
				BUNDLE_LOADER = "$(TEST_HOST)";
				CODE_SIGN_STYLE = Automatic;
				CURRENT_PROJECT_VERSION = 1;
				GENERATE_INFOPLIST_FILE = YES;
				IPHONEOS_DEPLOYMENT_TARGET = 15.2;
				MARKETING_VERSION = 1.0;
				PRODUCT_BUNDLE_IDENTIFIER = "com.example.appe-sampleapp.ScrumdingerTests";
				PRODUCT_NAME = "$(TARGET_NAME)";
				SWIFT_EMIT_LOC_STRINGS = NO;
				SWIFT_VERSION = 5.0;
				TARGETED_DEVICE_FAMILY = "1,2";
				TEST_HOST = "$(BUILT_PRODUCTS_DIR)/Scrumdinger.app/Scrumdinger";
			};
			name = Debug;
		};
		7F6B67DA27CE981D00468CFE /* Release */ = {
			isa = XCBuildConfiguration;
			buildSettings = {
				ALWAYS_EMBED_SWIFT_STANDARD_LIBRARIES = YES;
				BUNDLE_LOADER = "$(TEST_HOST)";
				CODE_SIGN_STYLE = Automatic;
				CURRENT_PROJECT_VERSION = 1;
				GENERATE_INFOPLIST_FILE = YES;
				IPHONEOS_DEPLOYMENT_TARGET = 15.2;
				MARKETING_VERSION = 1.0;
				PRODUCT_BUNDLE_IDENTIFIER = "com.example.appe-sampleapp.ScrumdingerTests";
				PRODUCT_NAME = "$(TARGET_NAME)";
				SWIFT_EMIT_LOC_STRINGS = NO;
				SWIFT_VERSION = 5.0;
				TARGETED_DEVICE_FAMILY = "1,2";
				TEST_HOST = "$(BUILT_PRODUCTS_DIR)/Scrumdinger.app/Scrumdinger";
			};
			name = Release;
		};
		7F6B67DC27CE981D00468CFE /* Debug */ = {
			isa = XCBuildConfiguration;
			buildSettings = {
				ALWAYS_EMBED_SWIFT_STANDARD_LIBRARIES = YES;
				CODE_SIGN_STYLE = Automatic;
				CURRENT_PROJECT_VERSION = 1;
				GENERATE_INFOPLIST_FILE = YES;
				MARKETING_VERSION = 1.0;
				PRODUCT_BUNDLE_IDENTIFIER = "com.example.appe-sampleapp.ScrumdingerUITests";
				PRODUCT_NAME = "$(TARGET_NAME)";
				SWIFT_EMIT_LOC_STRINGS = NO;
				SWIFT_VERSION = 5.0;
				TARGETED_DEVICE_FAMILY = "1,2";
				TEST_TARGET_NAME = Scrumdinger;
			};
			name = Debug;
		};
		7F6B67DD27CE981D00468CFE /* Release */ = {
			isa = XCBuildConfiguration;
			buildSettings = {
				ALWAYS_EMBED_SWIFT_STANDARD_LIBRARIES = YES;
				CODE_SIGN_STYLE = Automatic;
				CURRENT_PROJECT_VERSION = 1;
				GENERATE_INFOPLIST_FILE = YES;
				MARKETING_VERSION = 1.0;
				PRODUCT_BUNDLE_IDENTIFIER = "com.example.appe-sampleapp.ScrumdingerUITests";
				PRODUCT_NAME = "$(TARGET_NAME)";
				SWIFT_EMIT_LOC_STRINGS = NO;
				SWIFT_VERSION = 5.0;
				TARGETED_DEVICE_FAMILY = "1,2";
				TEST_TARGET_NAME = Scrumdinger;
			};
			name = Release;
		};
/* End XCBuildConfiguration section */

/* Begin XCConfigurationList section */
		7F6B67AC27CE981A00468CFE /* Build configuration list for PBXProject "Scrumdinger" */ = {
			isa = XCConfigurationList;
			buildConfigurations = (
				7F6B67D327CE981D00468CFE /* Debug */,
				7F6B67D427CE981D00468CFE /* Release */,
			);
			defaultConfigurationIsVisible = 0;
			defaultConfigurationName = Release;
		};
		7F6B67D527CE981D00468CFE /* Build configuration list for PBXNativeTarget "Scrumdinger" */ = {
			isa = XCConfigurationList;
			buildConfigurations = (
				7F6B67D627CE981D00468CFE /* Debug */,
				7F6B67D727CE981D00468CFE /* Release */,
			);
			defaultConfigurationIsVisible = 0;
			defaultConfigurationName = Release;
		};
		7F6B67D827CE981D00468CFE /* Build configuration list for PBXNativeTarget "ScrumdingerTests" */ = {
			isa = XCConfigurationList;
			buildConfigurations = (
				7F6B67D927CE981D00468CFE /* Debug */,
				7F6B67DA27CE981D00468CFE /* Release */,
			);
			defaultConfigurationIsVisible = 0;
			defaultConfigurationName = Release;
		};
		7F6B67DB27CE981D00468CFE /* Build configuration list for PBXNativeTarget "ScrumdingerUITests" */ = {
			isa = XCConfigurationList;
			buildConfigurations = (
				7F6B67DC27CE981D00468CFE /* Debug */,
				7F6B67DD27CE981D00468CFE /* Release */,
			);
			defaultConfigurationIsVisible = 0;
			defaultConfigurationName = Release;
		};
/* End XCConfigurationList section */
	};
	rootObject = 7F6B67A927CE981A00468CFE /* Project object */;
}
